
Microsoft Visual Studio Solution File, Format Version 12.00
# Visual Studio Version 17
VisualStudioVersion = 17.11.35208.52
MinimumVisualStudioVersion = 10.0.40219.1
Project("{FAE04EC0-301F-11D3-BF4B-00C04F79EFBC}") = "test", "test\test.csproj", "{ED492D8E-91F0-4EDA-8B1C-D66C8C1D0407}"
EndProject
Global
	GlobalSection(SolutionConfigurationPlatforms) = preSolution
		Debug|Any CPU = Debug|Any CPU
		Release|Any CPU = Release|Any CPU
	EndGlobalSection
	GlobalSection(ProjectConfigurationPlatforms) = postSolution
		{ED492D8E-91F0-4EDA-8B1C-D66C8C1D0407}.Debug|Any CPU.ActiveCfg = Debug|Any CPU
		{ED492D8E-91F0-4EDA-8B1C-D66C8C1D0407}.Debug|Any CPU.Build.0 = Debug|Any CPU
		{ED492D8E-91F0-4EDA-8B1C-D66C8C1D0407}.Release|Any CPU.ActiveCfg = Release|Any CPU
		{ED492D8E-91F0-4EDA-8B1C-D66C8C1D0407}.Release|Any CPU.Build.0 = Release|Any CPU
	EndGlobalSection
	GlobalSection(SolutionProperties) = preSolution
		HideSolutionNode = FALSE
	EndGlobalSection
	GlobalSection(ExtensibilityGlobals) = postSolution
		SolutionGuid = {5B9F5D83-CDB0-43B7-B1C7-CCBAF33E1334}
	EndGlobalSection
EndGlobal
