
Microsoft Visual Studio Solution File, Format Version 12.00
# Visual Studio Version 17
VisualStudioVersion = 17.10.34916.146
MinimumVisualStudioVersion = 10.0.40219.1
Project("{FAE04EC0-301F-11D3-BF4B-00C04F79EFBC}") = "TASK4", "TASK4\TASK4.csproj", "{01B1DF5F-9A1C-4BC2-9FF6-020D65AADB95}"
EndProject
Global
	GlobalSection(SolutionConfigurationPlatforms) = preSolution
		Debug|Any CPU = Debug|Any CPU
		Release|Any CPU = Release|Any CPU
	EndGlobalSection
	GlobalSection(ProjectConfigurationPlatforms) = postSolution
		{01B1DF5F-9A1C-4BC2-9FF6-020D65AADB95}.Debug|Any CPU.ActiveCfg = Debug|Any CPU
		{01B1DF5F-9A1C-4BC2-9FF6-020D65AADB95}.Debug|Any CPU.Build.0 = Debug|Any CPU
		{01B1DF5F-9A1C-4BC2-9FF6-020D65AADB95}.Release|Any CPU.ActiveCfg = Release|Any CPU
		{01B1DF5F-9A1C-4BC2-9FF6-020D65AADB95}.Release|Any CPU.Build.0 = Release|Any CPU
	EndGlobalSection
	GlobalSection(SolutionProperties) = preSolution
		HideSolutionNode = FALSE
	EndGlobalSection
	GlobalSection(ExtensibilityGlobals) = postSolution
		SolutionGuid = {0553E119-C7F0-4D88-868A-6387B6946023}
	EndGlobalSection
EndGlobal
