
Microsoft Visual Studio Solution File, Format Version 12.00
# Visual Studio Version 17
VisualStudioVersion = 17.10.34916.146
MinimumVisualStudioVersion = 10.0.40219.1
Project("{FAE04EC0-301F-11D3-BF4B-00C04F79EFBC}") = "MIDTASK3", "MIDTASK3\MIDTASK3.csproj", "{795A9B93-BA2E-452E-AEE2-AB5D0698B63F}"
EndProject
Global
	GlobalSection(SolutionConfigurationPlatforms) = preSolution
		Debug|Any CPU = Debug|Any CPU
		Release|Any CPU = Release|Any CPU
	EndGlobalSection
	GlobalSection(ProjectConfigurationPlatforms) = postSolution
		{795A9B93-BA2E-452E-AEE2-AB5D0698B63F}.Debug|Any CPU.ActiveCfg = Debug|Any CPU
		{795A9B93-BA2E-452E-AEE2-AB5D0698B63F}.Debug|Any CPU.Build.0 = Debug|Any CPU
		{795A9B93-BA2E-452E-AEE2-AB5D0698B63F}.Release|Any CPU.ActiveCfg = Release|Any CPU
		{795A9B93-BA2E-452E-AEE2-AB5D0698B63F}.Release|Any CPU.Build.0 = Release|Any CPU
	EndGlobalSection
	GlobalSection(SolutionProperties) = preSolution
		HideSolutionNode = FALSE
	EndGlobalSection
	GlobalSection(ExtensibilityGlobals) = postSolution
		SolutionGuid = {77B92A58-CE6C-47AB-9345-B0D1C18F56A4}
	EndGlobalSection
EndGlobal
