
Microsoft Visual Studio Solution File, Format Version 12.00
# Visual Studio Version 17
VisualStudioVersion = 17.10.34916.146
MinimumVisualStudioVersion = 10.0.40219.1
Project("{FAE04EC0-301F-11D3-BF4B-00C04F79EFBC}") = "labtask3", "labtask3\labtask3.csproj", "{C1B025C0-287E-4F64-988C-4941F9239830}"
EndProject
Global
	GlobalSection(SolutionConfigurationPlatforms) = preSolution
		Debug|Any CPU = Debug|Any CPU
		Release|Any CPU = Release|Any CPU
	EndGlobalSection
	GlobalSection(ProjectConfigurationPlatforms) = postSolution
		{C1B025C0-287E-4F64-988C-4941F9239830}.Debug|Any CPU.ActiveCfg = Debug|Any CPU
		{C1B025C0-287E-4F64-988C-4941F9239830}.Debug|Any CPU.Build.0 = Debug|Any CPU
		{C1B025C0-287E-4F64-988C-4941F9239830}.Release|Any CPU.ActiveCfg = Release|Any CPU
		{C1B025C0-287E-4F64-988C-4941F9239830}.Release|Any CPU.Build.0 = Release|Any CPU
	EndGlobalSection
	GlobalSection(SolutionProperties) = preSolution
		HideSolutionNode = FALSE
	EndGlobalSection
	GlobalSection(ExtensibilityGlobals) = postSolution
		SolutionGuid = {648D5FE5-E0CD-49D1-B7BD-BB074146942E}
	EndGlobalSection
EndGlobal
